
Microsoft Visual Studio Solution File, Format Version 12.00
Project("{FAE04EC0-301F-11D3-BF4B-00C04F79EFBC}") = "AvisoDeCotacaoPorEmail", "AvisoDeCotacaoPorEmail\AvisoDeCotacaoPorEmail.csproj", "{F8278830-737C-42CB-9D91-4A3455C2ED1F}"
EndProject
Project("{FAE04EC0-301F-11D3-BF4B-00C04F79EFBC}") = "StockListConfig", "StockListConfig\StockListConfig.csproj", "{D84A7C43-9EF5-47CC-9BC6-9ECBBB0F5B09}"
EndProject
Global
	GlobalSection(SolutionConfigurationPlatforms) = preSolution
		Debug|Any CPU = Debug|Any CPU
		Release|Any CPU = Release|Any CPU
	EndGlobalSection
	GlobalSection(ProjectConfigurationPlatforms) = postSolution
		{F8278830-737C-42CB-9D91-4A3455C2ED1F}.Debug|Any CPU.ActiveCfg = Debug|Any CPU
		{F8278830-737C-42CB-9D91-4A3455C2ED1F}.Debug|Any CPU.Build.0 = Debug|Any CPU
		{F8278830-737C-42CB-9D91-4A3455C2ED1F}.Release|Any CPU.ActiveCfg = Release|Any CPU
		{F8278830-737C-42CB-9D91-4A3455C2ED1F}.Release|Any CPU.Build.0 = Release|Any CPU
		{D84A7C43-9EF5-47CC-9BC6-9ECBBB0F5B09}.Debug|Any CPU.ActiveCfg = Debug|Any CPU
		{D84A7C43-9EF5-47CC-9BC6-9ECBBB0F5B09}.Debug|Any CPU.Build.0 = Debug|Any CPU
		{D84A7C43-9EF5-47CC-9BC6-9ECBBB0F5B09}.Release|Any CPU.ActiveCfg = Release|Any CPU
		{D84A7C43-9EF5-47CC-9BC6-9ECBBB0F5B09}.Release|Any CPU.Build.0 = Release|Any CPU
	EndGlobalSection
EndGlobal
